Microsoft Visual Studio Solution File, Format Version 12.00
# Visual Studio Version 16
VisualStudioVersion = 16.0.28917.181
MinimumVisualStudioVersion = 10.0.40219.1
Project("{2150E333-8FDC-42A3-9474-1A3956D46DE8}") = "DevOps", "DevOps", "{D29CABE7-467E-4CF6-B44B-3C58AB76145A}"
	ProjectSection(SolutionItems) = preProject
		..\azure-pipelines.yml = ..\azure-pipelines.yml
	EndProjectSection
EndProject
Project("{9A19103F-16F7-4668-BE54-9A1E7A4F7556}") = "Marain.Workflow.Abstractions", "Marain.Workflow.Abstractions\Marain.Workflow.Abstractions.csproj", "{2055E41F-12EB-41FF-B2F0-5035BEE756E1}"
EndProject
Project("{2150E333-8FDC-42A3-9474-1A3956D46DE8}") = "Solution Items", "Solution Items", "{56EDA110-D313-47AB-8CDC-9F3E23DC3A62}"
	ProjectSection(SolutionItems) = preProject
		.editorconfig = .editorconfig
		Common.GitHub.proj = Common.GitHub.proj
		Common.NetCoreApp_3_1.proj = Common.NetCoreApp_3_1.proj
		Common.NetStandard_2_0.proj = Common.NetStandard_2_0.proj
		Common.NuGet.proj = Common.NuGet.proj
		Directory.build.props = Directory.build.props
		Directory.build.targets = Directory.build.targets
		stylecop.json = stylecop.json
		StyleCop.ruleset = StyleCop.ruleset
	EndProjectSection
EndProject
Project("{2150E333-8FDC-42A3-9474-1A3956D46DE8}") = "Api", "Api", "{7239829F-870D-4ABB-A8B3-0B2EEF84397B}"
EndProject
Project("{9A19103F-16F7-4668-BE54-9A1E7A4F7556}") = "Marain.Workflow.Specs", "Marain.Workflow.Specs\Marain.Workflow.Specs.csproj", "{2EBB45F6-5392-4102-BE3B-CE6209C35913}"
EndProject
Project("{9A19103F-16F7-4668-BE54-9A1E7A4F7556}") = "Marain.Workflow.Api.Services", "Marain.Workflow.Api.Services\Marain.Workflow.Api.Services.csproj", "{3F13DE23-163E-411B-AA29-C425AFEA7CC2}"
EndProject
Project("{9A19103F-16F7-4668-BE54-9A1E7A4F7556}") = "Marain.Workflow.Api.Services.AspNetCore", "Marain.Workflow.Api.Services.AspNetCore\Marain.Workflow.Api.Services.AspNetCore.csproj", "{D6B4FC16-40D7-44F0-AFA3-3F5A35ECEF5F}"
EndProject
Project("{9A19103F-16F7-4668-BE54-9A1E7A4F7556}") = "Marain.Workflow.Api.EngineHost", "Marain.Workflow.Api.EngineHost\Marain.Workflow.Api.EngineHost.csproj", "{1E316C2E-2360-4501-ABCE-342099F4CBCE}"
EndProject
Project("{9A19103F-16F7-4668-BE54-9A1E7A4F7556}") = "Marain.Workflow.Api.Specs", "Marain.Workflow.Api.Specs\Marain.Workflow.Api.Specs.csproj", "{1299E881-7001-4A0F-95E4-692E6B6139CC}"
EndProject
Project("{9A19103F-16F7-4668-BE54-9A1E7A4F7556}") = "Marain.Workflow.Api.MessageProcessingHost", "Marain.Workflow.Api.MessageProcessingHost\Marain.Workflow.Api.MessageProcessingHost.csproj", "{AD2E284B-2F33-4C0D-8E4F-CC84456A0828}"
EndProject
Project("{9A19103F-16F7-4668-BE54-9A1E7A4F7556}") = "Marain.Workflow.Api.EngineHost.Client", "Marain.Workflow.Api.EngineHost.Client\Marain.Workflow.Api.EngineHost.Client.csproj", "{4EF18979-2FEA-4CC4-9CBB-11B78E088201}"
EndProject
Project("{2150E333-8FDC-42A3-9474-1A3956D46DE8}") = "Tenancy", "Tenancy", "{D9BFBB66-AEA3-499A-A3B9-B7E18B7CA41B}"
EndProject
Project("{9A19103F-16F7-4668-BE54-9A1E7A4F7556}") = "Marain.Workflow.Tenancy.AzureCosmos", "Marain.Workflow.Tenancy.AzureCosmos\Marain.Workflow.Tenancy.AzureCosmos.csproj", "{A834E43F-37A6-48B7-BCB9-E2AD5B64D25E}"
EndProject
Project("{9A19103F-16F7-4668-BE54-9A1E7A4F7556}") = "Marain.Workflow.Tenancy.Abstractions", "Marain.Workflow.Tenancy.Abstractions\Marain.Workflow.Tenancy.Abstractions.csproj", "{C2D81D36-F6FA-4EA6-9AC2-D28A36F96AA3}"
EndProject
Project("{9A19103F-16F7-4668-BE54-9A1E7A4F7556}") = "Marain.Workflow.Storage.AzureCosmos", "Marain.Workflow.Storage.AzureCosmos\Marain.Workflow.Storage.AzureCosmos.csproj", "{C4F6B6DF-AFE2-45C7-9A3C-38F6AA129307}"
EndProject
Project("{9A19103F-16F7-4668-BE54-9A1E7A4F7556}") = "Marain.Workflow.Api.Client", "Marain.Workflow.Api.Client\Marain.Workflow.Api.Client.csproj", "{B4F2E79B-C2D2-4E3E-BB0F-E85AC8F1E331}"
EndProject
Project("{9A19103F-16F7-4668-BE54-9A1E7A4F7556}") = "Marain.Workflow.Tenancy.AzureStorage", "Marain.Workflow.Tenancy.AzureStorage\Marain.Workflow.Tenancy.AzureStorage.csproj", "{D3D7D753-ADE7-4860-A12C-1C2C161079D9}"
EndProject
Project("{9A19103F-16F7-4668-BE54-9A1E7A4F7556}") = "Marain.Workflow.Storage.AzureStorage", "Marain.Workflow.Storage.AzureStorage\Marain.Workflow.Storage.AzureStorage.csproj", "{C7442895-49B7-4BDF-94E1-646ED8DCDA28}"
EndProject
Project("{9A19103F-16F7-4668-BE54-9A1E7A4F7556}") = "Marain.Workflow.Deployment", "Marain.Workflow.Deployment\Marain.Workflow.Deployment.csproj", "{B5ED5ADD-080B-4EB5-B42A-E37F876420C7}"
EndProject
Global
	GlobalSection(SolutionConfigurationPlatforms) = preSolution
		Debug|Any CPU = Debug|Any CPU
		Release|Any CPU = Release|Any CPU
	EndGlobalSection
	GlobalSection(ProjectConfigurationPlatforms) = postSolution
		{2055E41F-12EB-41FF-B2F0-5035BEE756E1}.Debug|Any CPU.ActiveCfg = Debug|Any CPU
		{2055E41F-12EB-41FF-B2F0-5035BEE756E1}.Debug|Any CPU.Build.0 = Debug|Any CPU
		{2055E41F-12EB-41FF-B2F0-5035BEE756E1}.Release|Any CPU.ActiveCfg = Release|Any CPU
		{2055E41F-12EB-41FF-B2F0-5035BEE756E1}.Release|Any CPU.Build.0 = Release|Any CPU
		{2EBB45F6-5392-4102-BE3B-CE6209C35913}.Debug|Any CPU.ActiveCfg = Debug|Any CPU
		{2EBB45F6-5392-4102-BE3B-CE6209C35913}.Debug|Any CPU.Build.0 = Debug|Any CPU
		{2EBB45F6-5392-4102-BE3B-CE6209C35913}.Release|Any CPU.ActiveCfg = Release|Any CPU
		{2EBB45F6-5392-4102-BE3B-CE6209C35913}.Release|Any CPU.Build.0 = Release|Any CPU
		{3F13DE23-163E-411B-AA29-C425AFEA7CC2}.Debug|Any CPU.ActiveCfg = Debug|Any CPU
		{3F13DE23-163E-411B-AA29-C425AFEA7CC2}.Debug|Any CPU.Build.0 = Debug|Any CPU
		{3F13DE23-163E-411B-AA29-C425AFEA7CC2}.Release|Any CPU.ActiveCfg = Release|Any CPU
		{3F13DE23-163E-411B-AA29-C425AFEA7CC2}.Release|Any CPU.Build.0 = Release|Any CPU
		{D6B4FC16-40D7-44F0-AFA3-3F5A35ECEF5F}.Debug|Any CPU.ActiveCfg = Debug|Any CPU
		{D6B4FC16-40D7-44F0-AFA3-3F5A35ECEF5F}.Debug|Any CPU.Build.0 = Debug|Any CPU
		{D6B4FC16-40D7-44F0-AFA3-3F5A35ECEF5F}.Release|Any CPU.ActiveCfg = Release|Any CPU
		{D6B4FC16-40D7-44F0-AFA3-3F5A35ECEF5F}.Release|Any CPU.Build.0 = Release|Any CPU
		{1E316C2E-2360-4501-ABCE-342099F4CBCE}.Debug|Any CPU.ActiveCfg = Debug|Any CPU
		{1E316C2E-2360-4501-ABCE-342099F4CBCE}.Debug|Any CPU.Build.0 = Debug|Any CPU
		{1E316C2E-2360-4501-ABCE-342099F4CBCE}.Release|Any CPU.ActiveCfg = Release|Any CPU
		{1E316C2E-2360-4501-ABCE-342099F4CBCE}.Release|Any CPU.Build.0 = Release|Any CPU
		{1299E881-7001-4A0F-95E4-692E6B6139CC}.Debug|Any CPU.ActiveCfg = Debug|Any CPU
		{1299E881-7001-4A0F-95E4-692E6B6139CC}.Debug|Any CPU.Build.0 = Debug|Any CPU
		{1299E881-7001-4A0F-95E4-692E6B6139CC}.Release|Any CPU.ActiveCfg = Release|Any CPU
		{1299E881-7001-4A0F-95E4-692E6B6139CC}.Release|Any CPU.Build.0 = Release|Any CPU
		{AD2E284B-2F33-4C0D-8E4F-CC84456A0828}.Debug|Any CPU.ActiveCfg = Debug|Any CPU
		{AD2E284B-2F33-4C0D-8E4F-CC84456A0828}.Debug|Any CPU.Build.0 = Debug|Any CPU
		{AD2E284B-2F33-4C0D-8E4F-CC84456A0828}.Release|Any CPU.ActiveCfg = Release|Any CPU
		{AD2E284B-2F33-4C0D-8E4F-CC84456A0828}.Release|Any CPU.Build.0 = Release|Any CPU
		{4EF18979-2FEA-4CC4-9CBB-11B78E088201}.Debug|Any CPU.ActiveCfg = Debug|Any CPU
		{4EF18979-2FEA-4CC4-9CBB-11B78E088201}.Debug|Any CPU.Build.0 = Debug|Any CPU
		{4EF18979-2FEA-4CC4-9CBB-11B78E088201}.Release|Any CPU.ActiveCfg = Release|Any CPU
		{4EF18979-2FEA-4CC4-9CBB-11B78E088201}.Release|Any CPU.Build.0 = Release|Any CPU
		{A834E43F-37A6-48B7-BCB9-E2AD5B64D25E}.Debug|Any CPU.ActiveCfg = Debug|Any CPU
		{A834E43F-37A6-48B7-BCB9-E2AD5B64D25E}.Debug|Any CPU.Build.0 = Debug|Any CPU
		{A834E43F-37A6-48B7-BCB9-E2AD5B64D25E}.Release|Any CPU.ActiveCfg = Release|Any CPU
		{A834E43F-37A6-48B7-BCB9-E2AD5B64D25E}.Release|Any CPU.Build.0 = Release|Any CPU
		{C2D81D36-F6FA-4EA6-9AC2-D28A36F96AA3}.Debug|Any CPU.ActiveCfg = Debug|Any CPU
		{C2D81D36-F6FA-4EA6-9AC2-D28A36F96AA3}.Debug|Any CPU.Build.0 = Debug|Any CPU
		{C2D81D36-F6FA-4EA6-9AC2-D28A36F96AA3}.Release|Any CPU.ActiveCfg = Release|Any CPU
		{C2D81D36-F6FA-4EA6-9AC2-D28A36F96AA3}.Release|Any CPU.Build.0 = Release|Any CPU
		{C4F6B6DF-AFE2-45C7-9A3C-38F6AA129307}.Debug|Any CPU.ActiveCfg = Debug|Any CPU
		{C4F6B6DF-AFE2-45C7-9A3C-38F6AA129307}.Debug|Any CPU.Build.0 = Debug|Any CPU
		{C4F6B6DF-AFE2-45C7-9A3C-38F6AA129307}.Release|Any CPU.ActiveCfg = Release|Any CPU
		{C4F6B6DF-AFE2-45C7-9A3C-38F6AA129307}.Release|Any CPU.Build.0 = Release|Any CPU
		{B4F2E79B-C2D2-4E3E-BB0F-E85AC8F1E331}.Debug|Any CPU.ActiveCfg = Debug|Any CPU
		{B4F2E79B-C2D2-4E3E-BB0F-E85AC8F1E331}.Debug|Any CPU.Build.0 = Debug|Any CPU
		{B4F2E79B-C2D2-4E3E-BB0F-E85AC8F1E331}.Release|Any CPU.ActiveCfg = Release|Any CPU
		{B4F2E79B-C2D2-4E3E-BB0F-E85AC8F1E331}.Release|Any CPU.Build.0 = Release|Any CPU
		{D3D7D753-ADE7-4860-A12C-1C2C161079D9}.Debug|Any CPU.ActiveCfg = Debug|Any CPU
		{D3D7D753-ADE7-4860-A12C-1C2C161079D9}.Debug|Any CPU.Build.0 = Debug|Any CPU
		{D3D7D753-ADE7-4860-A12C-1C2C161079D9}.Release|Any CPU.ActiveCfg = Release|Any CPU
		{D3D7D753-ADE7-4860-A12C-1C2C161079D9}.Release|Any CPU.Build.0 = Release|Any CPU
		{C7442895-49B7-4BDF-94E1-646ED8DCDA28}.Debug|Any CPU.ActiveCfg = Debug|Any CPU
		{C7442895-49B7-4BDF-94E1-646ED8DCDA28}.Debug|Any CPU.Build.0 = Debug|Any CPU
		{C7442895-49B7-4BDF-94E1-646ED8DCDA28}.Release|Any CPU.ActiveCfg = Release|Any CPU
		{C7442895-49B7-4BDF-94E1-646ED8DCDA28}.Release|Any CPU.Build.0 = Release|Any CPU
		{B5ED5ADD-080B-4EB5-B42A-E37F876420C7}.Debug|Any CPU.ActiveCfg = Debug|Any CPU
		{B5ED5ADD-080B-4EB5-B42A-E37F876420C7}.Debug|Any CPU.Build.0 = Debug|Any CPU
		{B5ED5ADD-080B-4EB5-B42A-E37F876420C7}.Release|Any CPU.ActiveCfg = Release|Any CPU
		{B5ED5ADD-080B-4EB5-B42A-E37F876420C7}.Release|Any CPU.Build.0 = Release|Any CPU
	EndGlobalSection
	GlobalSection(SolutionProperties) = preSolution
		HideSolutionNode = FALSE
	EndGlobalSection
	GlobalSection(NestedProjects) = preSolution
		{3F13DE23-163E-411B-AA29-C425AFEA7CC2} = {7239829F-870D-4ABB-A8B3-0B2EEF84397B}
		{D6B4FC16-40D7-44F0-AFA3-3F5A35ECEF5F} = {7239829F-870D-4ABB-A8B3-0B2EEF84397B}
		{1E316C2E-2360-4501-ABCE-342099F4CBCE} = {7239829F-870D-4ABB-A8B3-0B2EEF84397B}
		{1299E881-7001-4A0F-95E4-692E6B6139CC} = {7239829F-870D-4ABB-A8B3-0B2EEF84397B}
		{AD2E284B-2F33-4C0D-8E4F-CC84456A0828} = {7239829F-870D-4ABB-A8B3-0B2EEF84397B}
		{4EF18979-2FEA-4CC4-9CBB-11B78E088201} = {7239829F-870D-4ABB-A8B3-0B2EEF84397B}
		{A834E43F-37A6-48B7-BCB9-E2AD5B64D25E} = {D9BFBB66-AEA3-499A-A3B9-B7E18B7CA41B}
		{C2D81D36-F6FA-4EA6-9AC2-D28A36F96AA3} = {D9BFBB66-AEA3-499A-A3B9-B7E18B7CA41B}
		{B4F2E79B-C2D2-4E3E-BB0F-E85AC8F1E331} = {7239829F-870D-4ABB-A8B3-0B2EEF84397B}
		{D3D7D753-ADE7-4860-A12C-1C2C161079D9} = {D9BFBB66-AEA3-499A-A3B9-B7E18B7CA41B}
		{B5ED5ADD-080B-4EB5-B42A-E37F876420C7} = {D29CABE7-467E-4CF6-B44B-3C58AB76145A}
	EndGlobalSection
	GlobalSection(ExtensibilityGlobals) = postSolution
		SolutionGuid = {EED79307-5690-4CE6-A80D-F41857C97EFF}
	EndGlobalSection
EndGlobal
