
Microsoft Visual Studio Solution File, Format Version 12.00
# Visual Studio Version 16
VisualStudioVersion = 16.0.29102.190
MinimumVisualStudioVersion = 10.0.40219.1
Project("{2150E333-8FDC-42A3-9474-1A3956D46DE8}") = "DevOps", "DevOps", "{D29CABE7-467E-4CF6-B44B-3C58AB76145A}"
	ProjectSection(SolutionItems) = preProject
		..\azure-pipelines.yml = ..\azure-pipelines.yml
	EndProjectSection
EndProject
Project("{9A19103F-16F7-4668-BE54-9A1E7A4F7556}") = "Marain.Workflow.Abstractions", "Marain.Workflow.Abstractions\Marain.Workflow.Abstractions.csproj", "{3C15AD77-58B3-4B15-A391-739EC449F798}"
EndProject
Global
	GlobalSection(SolutionConfigurationPlatforms) = preSolution
		Debug|Any CPU = Debug|Any CPU
		Release|Any CPU = Release|Any CPU
	EndGlobalSection
	GlobalSection(ProjectConfigurationPlatforms) = postSolution
		{3C15AD77-58B3-4B15-A391-739EC449F798}.Debug|Any CPU.ActiveCfg = Debug|Any CPU
		{3C15AD77-58B3-4B15-A391-739EC449F798}.Debug|Any CPU.Build.0 = Debug|Any CPU
		{3C15AD77-58B3-4B15-A391-739EC449F798}.Release|Any CPU.ActiveCfg = Release|Any CPU
		{3C15AD77-58B3-4B15-A391-739EC449F798}.Release|Any CPU.Build.0 = Release|Any CPU
	EndGlobalSection
	GlobalSection(SolutionProperties) = preSolution
		HideSolutionNode = FALSE
	EndGlobalSection
	GlobalSection(ExtensibilityGlobals) = postSolution
		SolutionGuid = {8A86B241-AC51-4C39-9FD5-F08B2A4CFFD5}
	EndGlobalSection
EndGlobal
